// !$*UTF8*$!
{
	archiveVersion = 1;
	classes = {
	};
	objectVersion = 48;
	objects = {

/* Begin PBXBuildFile section */
		2AA242521FD090DA00BDC098 /* AppDelegate.swift in Sources */ = {isa = PBXBuildFile; fileRef = 2AA242511FD090DA00BDC098 /* AppDelegate.swift */; };
		2AA242541FD090DA00BDC098 /* ViewController.swift in Sources */ = {isa = PBXBuildFile; fileRef = 2AA242531FD090DA00BDC098 /* ViewController.swift */; };
		2AA242571FD090DA00BDC098 /* Main.storyboard in Resources */ = {isa = PBXBuildFile; fileRef = 2AA242551FD090DA00BDC098 /* Main.storyboard */; };
		2AA242591FD090DA00BDC098 /* Assets.xcassets in Resources */ = {isa = PBXBuildFile; fileRef = 2AA242581FD090DA00BDC098 /* Assets.xcassets */; };
		2AA2425C1FD090DA00BDC098 /* LaunchScreen.storyboard in Resources */ = {isa = PBXBuildFile; fileRef = 2AA2425A1FD090DA00BDC098 /* LaunchScreen.storyboard */; };
		2AA242671FD090DA00BDC098 /* MonsterPiTests.swift in Sources */ = {isa = PBXBuildFile; fileRef = 2AA242661FD090DA00BDC098 /* MonsterPiTests.swift */; };
		2AA242721FD090DA00BDC098 /* MonsterPiUITests.swift in Sources */ = {isa = PBXBuildFile; fileRef = 2AA242711FD090DA00BDC098 /* MonsterPiUITests.swift */; };
/* End PBXBuildFile section */

/* Begin PBXContainerItemProxy section */
		2AA242631FD090DA00BDC098 /* PBXContainerItemProxy */ = {
			isa = PBXContainerItemProxy;
			containerPortal = 2AA242461FD090DA00BDC098 /* Project object */;
			proxyType = 1;
			remoteGlobalIDString = 2AA2424D1FD090DA00BDC098;
			remoteInfo = Light;
		};
		2AA2426E1FD090DA00BDC098 /* PBXContainerItemProxy */ = {
			isa = PBXContainerItemProxy;
			containerPortal = 2AA242461FD090DA00BDC098 /* Project object */;
			proxyType = 1;
			remoteGlobalIDString = 2AA2424D1FD090DA00BDC098;
			remoteInfo = Light;
		};
/* End PBXContainerItemProxy section */

/* Begin PBXFileReference section */
		2AA2424E1FD090DA00BDC098 /* MonsterPi.app */ = {isa = PBXFileReference; explicitFileType = wrapper.application; includeInIndex = 0; path = MonsterPi.app; sourceTree = BUILT_PRODUCTS_DIR; };
		2AA242511FD090DA00BDC098 /* AppDelegate.swift */ = {isa = PBXFileReference; lastKnownFileType = sourcecode.swift; path = AppDelegate.swift; sourceTree = "<group>"; };
		2AA242531FD090DA00BDC098 /* ViewController.swift */ = {isa = PBXFileReference; lastKnownFileType = sourcecode.swift; path = ViewController.swift; sourceTree = "<group>"; };
		2AA242561FD090DA00BDC098 /* Base */ = {isa = PBXFileReference; lastKnownFileType = file.storyboard; name = Base; path = Base.lproj/Main.storyboard; sourceTree = "<group>"; };
		2AA242581FD090DA00BDC098 /* Assets.xcassets */ = {isa = PBXFileReference; lastKnownFileType = folder.assetcatalog; path = Assets.xcassets; sourceTree = "<group>"; };
		2AA2425B1FD090DA00BDC098 /* Base */ = {isa = PBXFileReference; lastKnownFileType = file.storyboard; name = Base; path = Base.lproj/LaunchScreen.storyboard; sourceTree = "<group>"; };
		2AA2425D1FD090DA00BDC098 /* Info.plist */ = {isa = PBXFileReference; lastKnownFileType = text.plist.xml; path = Info.plist; sourceTree = "<group>"; };
		2AA242621FD090DA00BDC098 /* MonsterPiTests.xctest */ = {isa = PBXFileReference; explicitFileType = wrapper.cfbundle; includeInIndex = 0; path = MonsterPiTests.xctest; sourceTree = BUILT_PRODUCTS_DIR; };
		2AA242661FD090DA00BDC098 /* MonsterPiTests.swift */ = {isa = PBXFileReference; lastKnownFileType = sourcecode.swift; path = MonsterPiTests.swift; sourceTree = "<group>"; };
		2AA242681FD090DA00BDC098 /* Info.plist */ = {isa = PBXFileReference; lastKnownFileType = text.plist.xml; path = Info.plist; sourceTree = "<group>"; };
		2AA2426D1FD090DA00BDC098 /* MonsterPiUITests.xctest */ = {isa = PBXFileReference; explicitFileType = wrapper.cfbundle; includeInIndex = 0; path = MonsterPiUITests.xctest; sourceTree = BUILT_PRODUCTS_DIR; };
		2AA242711FD090DA00BDC098 /* MonsterPiUITests.swift */ = {isa = PBXFileReference; lastKnownFileType = sourcecode.swift; path = MonsterPiUITests.swift; sourceTree = "<group>"; };
		2AA242731FD090DA00BDC098 /* Info.plist */ = {isa = PBXFileReference; lastKnownFileType = text.plist.xml; path = Info.plist; sourceTree = "<group>"; };
/* End PBXFileReference section */

/* Begin PBXFrameworksBuildPhase section */
		2AA2424B1FD090DA00BDC098 /* Frameworks */ = {
			isa = PBXFrameworksBuildPhase;
			buildActionMask = 2147483647;
			files = (
			);
			runOnlyForDeploymentPostprocessing = 0;
		};
		2AA2425F1FD090DA00BDC098 /* Frameworks */ = {
			isa = PBXFrameworksBuildPhase;
			buildActionMask = 2147483647;
			files = (
			);
			runOnlyForDeploymentPostprocessing = 0;
		};
		2AA2426A1FD090DA00BDC098 /* Frameworks */ = {
			isa = PBXFrameworksBuildPhase;
			buildActionMask = 2147483647;
			files = (
			);
			runOnlyForDeploymentPostprocessing = 0;
		};
/* End PBXFrameworksBuildPhase section */

/* Begin PBXGroup section */
		2AA242451FD090DA00BDC098 = {
			isa = PBXGroup;
			children = (
				2AA242501FD090DA00BDC098 /* MonsterPi */,
				2AA242651FD090DA00BDC098 /* MonsterPiTests */,
				2AA242701FD090DA00BDC098 /* MonsterPiUITests */,
				2AA2424F1FD090DA00BDC098 /* Products */,
			);
			sourceTree = "<group>";
		};
		2AA2424F1FD090DA00BDC098 /* Products */ = {
			isa = PBXGroup;
			children = (
				2AA2424E1FD090DA00BDC098 /* MonsterPi.app */,
				2AA242621FD090DA00BDC098 /* MonsterPiTests.xctest */,
				2AA2426D1FD090DA00BDC098 /* MonsterPiUITests.xctest */,
			);
			name = Products;
			sourceTree = "<group>";
		};
		2AA242501FD090DA00BDC098 /* MonsterPi */ = {
			isa = PBXGroup;
			children = (
				2AA242511FD090DA00BDC098 /* AppDelegate.swift */,
				2AA242531FD090DA00BDC098 /* ViewController.swift */,
				2AA242551FD090DA00BDC098 /* Main.storyboard */,
				2AA242581FD090DA00BDC098 /* Assets.xcassets */,
				2AA2425A1FD090DA00BDC098 /* LaunchScreen.storyboard */,
				2AA2425D1FD090DA00BDC098 /* Info.plist */,
			);
			path = MonsterPi;
			sourceTree = "<group>";
		};
		2AA242651FD090DA00BDC098 /* MonsterPiTests */ = {
			isa = PBXGroup;
			children = (
				2AA242661FD090DA00BDC098 /* MonsterPiTests.swift */,
				2AA242681FD090DA00BDC098 /* Info.plist */,
			);
			path = MonsterPiTests;
			sourceTree = "<group>";
		};
		2AA242701FD090DA00BDC098 /* MonsterPiUITests */ = {
			isa = PBXGroup;
			children = (
				2AA242711FD090DA00BDC098 /* MonsterPiUITests.swift */,
				2AA242731FD090DA00BDC098 /* Info.plist */,
			);
			path = MonsterPiUITests;
			sourceTree = "<group>";
		};
/* End PBXGroup section */

/* Begin PBXNativeTarget section */
		2AA2424D1FD090DA00BDC098 /* MonsterPi */ = {
			isa = PBXNativeTarget;
			buildConfigurationList = 2AA242761FD090DA00BDC098 /* Build configuration list for PBXNativeTarget "MonsterPi" */;
			buildPhases = (
				2AA2424A1FD090DA00BDC098 /* Sources */,
				2AA2424B1FD090DA00BDC098 /* Frameworks */,
				2AA2424C1FD090DA00BDC098 /* Resources */,
			);
			buildRules = (
			);
			dependencies = (
			);
			name = MonsterPi;
			productName = Light;
			productReference = 2AA2424E1FD090DA00BDC098 /* MonsterPi.app */;
			productType = "com.apple.product-type.application";
		};
		2AA242611FD090DA00BDC098 /* MonsterPiTests */ = {
			isa = PBXNativeTarget;
			buildConfigurationList = 2AA242791FD090DA00BDC098 /* Build configuration list for PBXNativeTarget "MonsterPiTests" */;
			buildPhases = (
				2AA2425E1FD090DA00BDC098 /* Sources */,
				2AA2425F1FD090DA00BDC098 /* Frameworks */,
				2AA242601FD090DA00BDC098 /* Resources */,
			);
			buildRules = (
			);
			dependencies = (
				2AA242641FD090DA00BDC098 /* PBXTargetDependency */,
			);
			name = MonsterPiTests;
			productName = LightTests;
			productReference = 2AA242621FD090DA00BDC098 /* MonsterPiTests.xctest */;
			productType = "com.apple.product-type.bundle.unit-test";
		};
		2AA2426C1FD090DA00BDC098 /* MonsterPiUITests */ = {
			isa = PBXNativeTarget;
			buildConfigurationList = 2AA2427C1FD090DA00BDC098 /* Build configuration list for PBXNativeTarget "MonsterPiUITests" */;
			buildPhases = (
				2AA242691FD090DA00BDC098 /* Sources */,
				2AA2426A1FD090DA00BDC098 /* Frameworks */,
				2AA2426B1FD090DA00BDC098 /* Resources */,
			);
			buildRules = (
			);
			dependencies = (
				2AA2426F1FD090DA00BDC098 /* PBXTargetDependency */,
			);
			name = MonsterPiUITests;
			productName = LightUITests;
			productReference = 2AA2426D1FD090DA00BDC098 /* MonsterPiUITests.xctest */;
			productType = "com.apple.product-type.bundle.ui-testing";
		};
/* End PBXNativeTarget section */

/* Begin PBXProject section */
		2AA242461FD090DA00BDC098 /* Project object */ = {
			isa = PBXProject;
			attributes = {
				LastSwiftUpdateCheck = 0910;
				LastUpgradeCheck = 0910;
				ORGANIZATIONNAME = "Bhatt, Gaurang";
				TargetAttributes = {
					2AA2424D1FD090DA00BDC098 = {
						CreatedOnToolsVersion = 9.1;
						ProvisioningStyle = Automatic;
					};
					2AA242611FD090DA00BDC098 = {
						CreatedOnToolsVersion = 9.1;
						ProvisioningStyle = Automatic;
						TestTargetID = 2AA2424D1FD090DA00BDC098;
					};
					2AA2426C1FD090DA00BDC098 = {
						CreatedOnToolsVersion = 9.1;
						ProvisioningStyle = Automatic;
						TestTargetID = 2AA2424D1FD090DA00BDC098;
					};
				};
			};
			buildConfigurationList = 2AA242491FD090DA00BDC098 /* Build configuration list for PBXProject "MonsterPi" */;
			compatibilityVersion = "Xcode 8.0";
			developmentRegion = en;
			hasScannedForEncodings = 0;
			knownRegions = (
				en,
				Base,
			);
			mainGroup = 2AA242451FD090DA00BDC098;
			productRefGroup = 2AA2424F1FD090DA00BDC098 /* Products */;
			projectDirPath = "";
			projectRoot = "";
			targets = (
				2AA2424D1FD090DA00BDC098 /* MonsterPi */,
				2AA242611FD090DA00BDC098 /* MonsterPiTests */,
				2AA2426C1FD090DA00BDC098 /* MonsterPiUITests */,
			);
		};
/* End PBXProject section */

/* Begin PBXResourcesBuildPhase section */
		2AA2424C1FD090DA00BDC098 /* Resources */ = {
			isa = PBXResourcesBuildPhase;
			buildActionMask = 2147483647;
			files = (
				2AA2425C1FD090DA00BDC098 /* LaunchScreen.storyboard in Resources */,
				2AA242591FD090DA00BDC098 /* Assets.xcassets in Resources */,
				2AA242571FD090DA00BDC098 /* Main.storyboard in Resources */,
			);
			runOnlyForDeploymentPostprocessing = 0;
		};
		2AA242601FD090DA00BDC098 /* Resources */ = {
			isa = PBXResourcesBuildPhase;
			buildActionMask = 2147483647;
			files = (
			);
			runOnlyForDeploymentPostprocessing = 0;
		};
		2AA2426B1FD090DA00BDC098 /* Resources */ = {
			isa = PBXResourcesBuildPhase;
			buildActionMask = 2147483647;
			files = (
			);
			runOnlyForDeploymentPostprocessing = 0;
		};
/* End PBXResourcesBuildPhase section */

/* Begin PBXSourcesBuildPhase section */
		2AA2424A1FD090DA00BDC098 /* Sources */ = {
			isa = PBXSourcesBuildPhase;
			buildActionMask = 2147483647;
			files = (
				2AA242541FD090DA00BDC098 /* ViewController.swift in Sources */,
				2AA242521FD090DA00BDC098 /* AppDelegate.swift in Sources */,
			);
			runOnlyForDeploymentPostprocessing = 0;
		};
		2AA2425E1FD090DA00BDC098 /* Sources */ = {
			isa = PBXSourcesBuildPhase;
			buildActionMask = 2147483647;
			files = (
				2AA242671FD090DA00BDC098 /* MonsterPiTests.swift in Sources */,
			);
			runOnlyForDeploymentPostprocessing = 0;
		};
		2AA242691FD090DA00BDC098 /* Sources */ = {
			isa = PBXSourcesBuildPhase;
			buildActionMask = 2147483647;
			files = (
				2AA242721FD090DA00BDC098 /* MonsterPiUITests.swift in Sources */,
			);
			runOnlyForDeploymentPostprocessing = 0;
		};
/* End PBXSourcesBuildPhase section */

/* Begin PBXTargetDependency section */
		2AA242641FD090DA00BDC098 /* PBXTargetDependency */ = {
			isa = PBXTargetDependency;
			target = 2AA2424D1FD090DA00BDC098 /* MonsterPi */;
			targetProxy = 2AA242631FD090DA00BDC098 /* PBXContainerItemProxy */;
		};
		2AA2426F1FD090DA00BDC098 /* PBXTargetDependency */ = {
			isa = PBXTargetDependency;
			target = 2AA2424D1FD090DA00BDC098 /* MonsterPi */;
			targetProxy = 2AA2426E1FD090DA00BDC098 /* PBXContainerItemProxy */;
		};
/* End PBXTargetDependency section */

/* Begin PBXVariantGroup section */
		2AA242551FD090DA00BDC098 /* Main.storyboard */ = {
			isa = PBXVariantGroup;
			children = (
				2AA242561FD090DA00BDC098 /* Base */,
			);
			name = Main.storyboard;
			sourceTree = "<group>";
		};
		2AA2425A1FD090DA00BDC098 /* LaunchScreen.storyboard */ = {
			isa = PBXVariantGroup;
			children = (
				2AA2425B1FD090DA00BDC098 /* Base */,
			);
			name = LaunchScreen.storyboard;
			sourceTree = "<group>";
		};
/* End PBXVariantGroup section */

/* Begin XCBuildConfiguration section */
		2AA242741FD090DA00BDC098 /* Debug */ = {
			isa = XCBuildConfiguration;
			buildSettings = {
				ALWAYS_SEARCH_USER_PATHS = NO;
				CLANG_ANALYZER_NONNULL = YES;
				CLANG_ANALYZER_NUMBER_OBJECT_CONVERSION = YES_AGGRESSIVE;
				CLANG_CXX_LANGUAGE_STANDARD = "gnu++14";
				CLANG_CXX_LIBRARY = "libc++";
				CLANG_ENABLE_MODULES = YES;
				CLANG_ENABLE_OBJC_ARC = YES;
				CLANG_WARN_BLOCK_CAPTURE_AUTORELEASING = YES;
				CLANG_WARN_BOOL_CONVERSION = YES;
				CLANG_WARN_COMMA = YES;
				CLANG_WARN_CONSTANT_CONVERSION = YES;
				CLANG_WARN_DIRECT_OBJC_ISA_USAGE = YES_ERROR;
				CLANG_WARN_DOCUMENTATION_COMMENTS = YES;
				CLANG_WARN_EMPTY_BODY = YES;
				CLANG_WARN_ENUM_CONVERSION = YES;
				CLANG_WARN_INFINITE_RECURSION = YES;
				CLANG_WARN_INT_CONVERSION = YES;
				CLANG_WARN_NON_LITERAL_NULL_CONVERSION = YES;
				CLANG_WARN_OBJC_LITERAL_CONVERSION = YES;
				CLANG_WARN_OBJC_ROOT_CLASS = YES_ERROR;
				CLANG_WARN_RANGE_LOOP_ANALYSIS = YES;
				CLANG_WARN_STRICT_PROTOTYPES = YES;
				CLANG_WARN_SUSPICIOUS_MOVE = YES;
				CLANG_WARN_UNGUARDED_AVAILABILITY = YES_AGGRESSIVE;
				CLANG_WARN_UNREACHABLE_CODE = YES;
				CLANG_WARN__DUPLICATE_METHOD_MATCH = YES;
				CODE_SIGN_IDENTITY = "iPhone Developer";
				COPY_PHASE_STRIP = NO;
				DEBUG_INFORMATION_FORMAT = dwarf;
				ENABLE_STRICT_OBJC_MSGSEND = YES;
				ENABLE_TESTABILITY = YES;
				GCC_C_LANGUAGE_STANDARD = gnu11;
				GCC_DYNAMIC_NO_PIC = NO;
				GCC_NO_COMMON_BLOCKS = YES;
				GCC_OPTIMIZATION_LEVEL = 0;
				GCC_PREPROCESSOR_DEFINITIONS = (
					"DEBUG=1",
					"$(inherited)",
				);
				GCC_WARN_64_TO_32_BIT_CONVERSION = YES;
				GCC_WARN_ABOUT_RETURN_TYPE = YES_ERROR;
				GCC_WARN_UNDECLARED_SELECTOR = YES;
				GCC_WARN_UNINITIALIZED_AUTOS = YES_AGGRESSIVE;
				GCC_WARN_UNUSED_FUNCTION = YES;
				GCC_WARN_UNUSED_VARIABLE = YES;
				IPHONEOS_DEPLOYMENT_TARGET = 11.1;
				MTL_ENABLE_DEBUG_INFO = YES;
				ONLY_ACTIVE_ARCH = YES;
				SDKROOT = iphoneos;
				SWIFT_ACTIVE_COMPILATION_CONDITIONS = DEBUG;
				SWIFT_OPTIMIZATION_LEVEL = "-Onone";
			};
			name = Debug;
		};
		2AA242751FD090DA00BDC098 /* Release */ = {
			isa = XCBuildConfiguration;
			buildSettings = {
				ALWAYS_SEARCH_USER_PATHS = NO;
				CLANG_ANALYZER_NONNULL = YES;
				CLANG_ANALYZER_NUMBER_OBJECT_CONVERSION = YES_AGGRESSIVE;
				CLANG_CXX_LANGUAGE_STANDARD = "gnu++14";
				CLANG_CXX_LIBRARY = "libc++";
				CLANG_ENABLE_MODULES = YES;
				CLANG_ENABLE_OBJC_ARC = YES;
				CLANG_WARN_BLOCK_CAPTURE_AUTORELEASING = YES;
				CLANG_WARN_BOOL_CONVERSION = YES;
				CLANG_WARN_COMMA = YES;
				CLANG_WARN_CONSTANT_CONVERSION = YES;
				CLANG_WARN_DIRECT_OBJC_ISA_USAGE = YES_ERROR;
				CLANG_WARN_DOCUMENTATION_COMMENTS = YES;
				CLANG_WARN_EMPTY_BODY = YES;
				CLANG_WARN_ENUM_CONVERSION = YES;
				CLANG_WARN_INFINITE_RECURSION = YES;
				CLANG_WARN_INT_CONVERSION = YES;
				CLANG_WARN_NON_LITERAL_NULL_CONVERSION = YES;
				CLANG_WARN_OBJC_LITERAL_CONVERSION = YES;
				CLANG_WARN_OBJC_ROOT_CLASS = YES_ERROR;
				CLANG_WARN_RANGE_LOOP_ANALYSIS = YES;
				CLANG_WARN_STRICT_PROTOTYPES = YES;
				CLANG_WARN_SUSPICIOUS_MOVE = YES;
				CLANG_WARN_UNGUARDED_AVAILABILITY = YES_AGGRESSIVE;
				CLANG_WARN_UNREACHABLE_CODE = YES;
				CLANG_WARN__DUPLICATE_METHOD_MATCH = YES;
				CODE_SIGN_IDENTITY = "iPhone Developer";
				COPY_PHASE_STRIP = NO;
				DEBUG_INFORMATION_FORMAT = "dwarf-with-dsym";
				ENABLE_NS_ASSERTIONS = NO;
				ENABLE_STRICT_OBJC_MSGSEND = YES;
				GCC_C_LANGUAGE_STANDARD = gnu11;
				GCC_NO_COMMON_BLOCKS = YES;
				GCC_WARN_64_TO_32_BIT_CONVERSION = YES;
				GCC_WARN_ABOUT_RETURN_TYPE = YES_ERROR;
				GCC_WARN_UNDECLARED_SELECTOR = YES;
				GCC_WARN_UNINITIALIZED_AUTOS = YES_AGGRESSIVE;
				GCC_WARN_UNUSED_FUNCTION = YES;
				GCC_WARN_UNUSED_VARIABLE = YES;
				IPHONEOS_DEPLOYMENT_TARGET = 11.1;
				MTL_ENABLE_DEBUG_INFO = NO;
				SDKROOT = iphoneos;
				SWIFT_OPTIMIZATION_LEVEL = "-Owholemodule";
				VALIDATE_PRODUCT = YES;
			};
			name = Release;
		};
		2AA242771FD090DA00BDC098 /* Debug */ = {
			isa = XCBuildConfiguration;
			buildSettings = {
				ASSETCATALOG_COMPILER_APPICON_NAME = AppIcon;
				CODE_SIGN_STYLE = Automatic;
				DEVELOPMENT_TEAM = J2644NYQ6D;
				INFOPLIST_FILE = "$(SRCROOT)/MonsterPi/Info.plist";
				LD_RUNPATH_SEARCH_PATHS = "$(inherited) @executable_path/Frameworks";
				PRODUCT_BUNDLE_IDENTIFIER = com.gb.MonsterPi;
				PRODUCT_NAME = "$(TARGET_NAME)";
				SWIFT_VERSION = 4.0;
				TARGETED_DEVICE_FAMILY = "1,2";
			};
			name = Debug;
		};
		2AA242781FD090DA00BDC098 /* Release */ = {
			isa = XCBuildConfiguration;
			buildSettings = {
				ASSETCATALOG_COMPILER_APPICON_NAME = AppIcon;
				CODE_SIGN_STYLE = Automatic;
				DEVELOPMENT_TEAM = J2644NYQ6D;
				INFOPLIST_FILE = "$(SRCROOT)/MonsterPi/Info.plist";
				LD_RUNPATH_SEARCH_PATHS = "$(inherited) @executable_path/Frameworks";
				PRODUCT_BUNDLE_IDENTIFIER = com.gb.MonsterPi;
				PRODUCT_NAME = "$(TARGET_NAME)";
				SWIFT_VERSION = 4.0;
				TARGETED_DEVICE_FAMILY = "1,2";
			};
			name = Release;
		};
		2AA2427A1FD090DA00BDC098 /* Debug */ = {
			isa = XCBuildConfiguration;
			buildSettings = {
				ALWAYS_EMBED_SWIFT_STANDARD_LIBRARIES = YES;
				BUNDLE_LOADER = "$(TEST_HOST)";
				CODE_SIGN_STYLE = Automatic;
				INFOPLIST_FILE = LightTests/Info.plist;
				LD_RUNPATH_SEARCH_PATHS = "$(inherited) @executable_path/Frameworks @loader_path/Frameworks";
				PRODUCT_BUNDLE_IDENTIFIER = com.gb.LightTests;
				PRODUCT_NAME = "$(TARGET_NAME)";
				SWIFT_VERSION = 4.0;
				TARGETED_DEVICE_FAMILY = "1,2";
				TEST_HOST = "$(BUILT_PRODUCTS_DIR)/MonsterPi.app/MonsterPi";
			};
			name = Debug;
		};
		2AA2427B1FD090DA00BDC098 /* Release */ = {
			isa = XCBuildConfiguration;
			buildSettings = {
				ALWAYS_EMBED_SWIFT_STANDARD_LIBRARIES = YES;
				BUNDLE_LOADER = "$(TEST_HOST)";
				CODE_SIGN_STYLE = Automatic;
				INFOPLIST_FILE = LightTests/Info.plist;
				LD_RUNPATH_SEARCH_PATHS = "$(inherited) @executable_path/Frameworks @loader_path/Frameworks";
				PRODUCT_BUNDLE_IDENTIFIER = com.gb.LightTests;
				PRODUCT_NAME = "$(TARGET_NAME)";
				SWIFT_VERSION = 4.0;
				TARGETED_DEVICE_FAMILY = "1,2";
				TEST_HOST = "$(BUILT_PRODUCTS_DIR)/MonsterPi.app/MonsterPi";
			};
			name = Release;
		};
		2AA2427D1FD090DA00BDC098 /* Debug */ = {
			isa = XCBuildConfiguration;
			buildSettings = {
				ALWAYS_EMBED_SWIFT_STANDARD_LIBRARIES = YES;
				CODE_SIGN_STYLE = Automatic;
				INFOPLIST_FILE = LightUITests/Info.plist;
				LD_RUNPATH_SEARCH_PATHS = "$(inherited) @executable_path/Frameworks @loader_path/Frameworks";
				PRODUCT_BUNDLE_IDENTIFIER = com.gb.LightUITests;
				PRODUCT_NAME = "$(TARGET_NAME)";
				SWIFT_VERSION = 4.0;
				TARGETED_DEVICE_FAMILY = "1,2";
				TEST_TARGET_NAME = Light;
			};
			name = Debug;
		};
		2AA2427E1FD090DA00BDC098 /* Release */ = {
			isa = XCBuildConfiguration;
			buildSettings = {
				ALWAYS_EMBED_SWIFT_STANDARD_LIBRARIES = YES;
				CODE_SIGN_STYLE = Automatic;
				INFOPLIST_FILE = LightUITests/Info.plist;
				LD_RUNPATH_SEARCH_PATHS = "$(inherited) @executable_path/Frameworks @loader_path/Frameworks";
				PRODUCT_BUNDLE_IDENTIFIER = com.gb.LightUITests;
				PRODUCT_NAME = "$(TARGET_NAME)";
				SWIFT_VERSION = 4.0;
				TARGETED_DEVICE_FAMILY = "1,2";
				TEST_TARGET_NAME = Light;
			};
			name = Release;
		};
/* End XCBuildConfiguration section */

/* Begin XCConfigurationList section */
		2AA242491FD090DA00BDC098 /* Build configuration list for PBXProject "MonsterPi" */ = {
			isa = XCConfigurationList;
			buildConfigurations = (
				2AA242741FD090DA00BDC098 /* Debug */,
				2AA242751FD090DA00BDC098 /* Release */,
			);
			defaultConfigurationIsVisible = 0;
			defaultConfigurationName = Release;
		};
		2AA242761FD090DA00BDC098 /* Build configuration list for PBXNativeTarget "MonsterPi" */ = {
			isa = XCConfigurationList;
			buildConfigurations = (
				2AA242771FD090DA00BDC098 /* Debug */,
				2AA242781FD090DA00BDC098 /* Release */,
			);
			defaultConfigurationIsVisible = 0;
			defaultConfigurationName = Release;
		};
		2AA242791FD090DA00BDC098 /* Build configuration list for PBXNativeTarget "MonsterPiTests" */ = {
			isa = XCConfigurationList;
			buildConfigurations = (
				2AA2427A1FD090DA00BDC098 /* Debug */,
				2AA2427B1FD090DA00BDC098 /* Release */,
			);
			defaultConfigurationIsVisible = 0;
			defaultConfigurationName = Release;
		};
		2AA2427C1FD090DA00BDC098 /* Build configuration list for PBXNativeTarget "MonsterPiUITests" */ = {
			isa = XCConfigurationList;
			buildConfigurations = (
				2AA2427D1FD090DA00BDC098 /* Debug */,
				2AA2427E1FD090DA00BDC098 /* Release */,
			);
			defaultConfigurationIsVisible = 0;
			defaultConfigurationName = Release;
		};
/* End XCConfigurationList section */
	};
	rootObject = 2AA242461FD090DA00BDC098 /* Project object */;
}
